# This file is automatically @generated by Cargo.
# It is not intended for manual editing.
[[package]]
name = "elastic-array"
version = "0.10.3"
source = "registry+https://github.com/rust-lang/crates.io-index"
checksum = "580f3768bd6465780d063f5b8213a2ebd506e139b345e4a81eb301ceae3d61e1"
dependencies = [
 "heapsize",
]

[[package]]
name = "heapsize"
version = "0.4.2"
source = "registry+https://github.com/rust-lang/crates.io-index"
checksum = "1679e6ea370dee694f91f1dc469bf94cf8f52051d147aec3e1f9497c6fc22461"
dependencies = [
 "winapi",
]

[[package]]
name = "lazy_static"
version = "1.4.0"
source = "registry+https://github.com/rust-lang/crates.io-index"
checksum = "e2abad23fbc42b3700f2f279844dc832adb2b2eb069b2df918f455c4e18cc646"

[[package]]
name = "rlp"
version = "0.4.5"
source = "registry+https://github.com/rust-lang/crates.io-index"
checksum = "4a7d3f9bed94764eac15b8f14af59fac420c236adaff743b7bcc88e265cb4345"
dependencies = [
 "rustc-hex",
]

[[package]]
name = "rlp_compress"
version = "0.1.0"
dependencies = [
 "elastic-array",
 "lazy_static",
 "rlp",
]

[[package]]
name = "rustc-hex"
version = "2.1.0"
source = "registry+https://github.com/rust-lang/crates.io-index"
checksum = "3e75f6a532d0fd9f7f13144f392b6ad56a32696bfcd9c78f797f16bbb6f072d6"

[[package]]
name = "winapi"
version = "0.3.8"
source = "registry+https://github.com/rust-lang/crates.io-index"
checksum = "8093091eeb260906a183e6ae1abdba2ef5ef2257a21801128899c3fc699229c6"
dependencies = [
 "winapi-i686-pc-windows-gnu",
 "winapi-x86_64-pc-windows-gnu",
]

[[package]]
name = "winapi-i686-pc-windows-gnu"
version = "0.4.0"
source = "registry+https://github.com/rust-lang/crates.io-index"
checksum = "ac3b87c63620426dd9b991e5ce0329eff545bccbbb34f3be09ff6fb6ab51b7b6"

[[package]]
name = "winapi-x86_64-pc-windows-gnu"
version = "0.4.0"
source = "registry+https://github.com/rust-lang/crates.io-index"
checksum = "712e227841d057c1ee1cd2fb22fa7e5a5461ae8e48fa2ca79ec42cfc1931183f"
